<?xml version="1.0" encoding="utf-8"?>
<Project ToolsVersion="4.0" xmlns="http://schemas.microsoft.com/developer/msbuild/2003">
  <ItemGroup>
    <Filter Include="include">
      <UniqueIdentifier>{85e76138-dd1d-41d7-bf75-b37078e0a565}</UniqueIdentifier>
    </Filter>
    <Filter Include="src">
      <UniqueIdentifier>{aab64f14-6a17-4a7a-b80d-469b0bc55919}</UniqueIdentifier>
    </Filter>
  </ItemGroup>
  <ItemGroup>
    <ClInclude Include="include\mll\mll_defines.h">
      <Filter>include</Filter>
    </ClInclude>
    <ClInclude Include="include\mll\mll_interfaces.h">
      <Filter>include</Filter>
    </ClInclude>
  </ItemGroup>
  <ItemGroup>
    <ClCompile Include="src\mll_interfaces.cpp">
      <Filter>src</Filter>
    </ClCompile>
  </ItemGroup>
</Project>